{
  "name": "unlib.js",
  "version": "1.0.0",
  "lockfileVersion": 1,
  "packageIntegrity": "sha512-9/jJbYQY9G9lT3zs6adICR7bRT/gr6rf9dRoFpb9osCaBtn+MfyZ0qaqSisKWYv37mi/Fu1PRaou7VTlZmRT/g==",
  "dependencies": {
    "@types/node": {
      "version": "10.0.4",
      "resolved": "http://registry.npm.taobao.org/@types/node/download/@types/node-10.0.4.tgz",
      "integrity": "sha1-EwWY7lbpoSEKU/VX1kk1Vx8FOQ0="
    }
  }
}
