{
  "name": "unlib.js",
  "version": "1.1.1",
  "lockfileVersion": 1,
  "packageIntegrity": "sha512-M6sWnLSAAZbLQknTH/bAPnpnCZX9MJjFX+PHc8lW7P2EDQ7D8wd5wQyjn+kXUK5eedkSR/hlBl0Zxm2F8jRi6A==",
  "dependencies": {
    "@types/node": {
      "version": "13.11.1",
      "resolved": "https://registry.npmjs.org/@types/node/-/node-13.11.1.tgz",
      "integrity": "sha512-eWQGP3qtxwL8FGneRrC5DwrJLGN4/dH1clNTuLfN81HCrxVtxRjygDTUoZJ5ASlDEeo0ppYFQjQIlXhtXpOn6g==",
      "dev": true
    }
  }
}
