{
  "name": "unlib.js",
  "version": "1.1.2",
  "lockfileVersion": 1,
  "packageIntegrity": "sha512-0riY86ijiEejaBg72hvUR9leJxxr0i6v4DrdlFuesPAQ940pY6Agtu+Kg9s7Ic2qlWHw710xyIorPSwO+U7m7A==",
  "dependencies": {
    "@types/node": {
      "version": "14.0.1",
      "resolved": "https://registry.npmjs.org/@types/node/-/node-14.0.1.tgz",
      "integrity": "sha512-FAYBGwC+W6F9+huFIDtn43cpy7+SzG+atzRiTfdp3inUKL2hXnd4rG8hylJLIh4+hqrQy1P17kvJByE/z825hA==",
      "dev": true
    }
  }
}
